
Microsoft Visual Studio Solution File, Format Version 12.00
# Visual Studio Version 17
VisualStudioVersion = 17.0.31903.59
MinimumVisualStudioVersion = 10.0.40219.1
Project("{FAE04EC0-301F-11D3-BF4B-00C04F79EFBC}") = "RESR.Models", "RESR.Models\RESR.Models.csproj", "{64EC2DE6-7EBB-49B5-94EC-EB391D6B3740}"
EndProject
Project("{FAE04EC0-301F-11D3-BF4B-00C04F79EFBC}") = "RESR.Core", "RESR.Core\RESR.Core.csproj", "{264BFAA2-CCCD-4BC7-919E-C95DB81D5F33}"
EndProject
Project("{FAE04EC0-301F-11D3-BF4B-00C04F79EFBC}") = "RESR.Infrastructure", "RESR.Infrastructure\RESR.Infrastructure.csproj", "{6E2B86EA-536B-463D-B6D3-7783B4A426C0}"
EndProject
Project("{FAE04EC0-301F-11D3-BF4B-00C04F79EFBC}") = "RESR.WebAPI", "RESR.WebAPI\RESR.WebAPI.csproj", "{B2C8963B-0509-4C0A-AEEA-214985E9B524}"
EndProject
Project("{FAE04EC0-301F-11D3-BF4B-00C04F79EFBC}") = "RESR.Core.Tests", "..\tests\RESR.Core.Tests\RESR.Core.Tests.csproj", "{7A6C0DA0-CDE7-4A02-A0CA-946E9540A635}"
EndProject
Project("{FAE04EC0-301F-11D3-BF4B-00C04F79EFBC}") = "RESR.Infrastructure.Tests", "..\tests\RESR.Infrastructure.Tests\RESR.Infrastructure.Tests.csproj", "{EF1E7D09-8671-4B10-BA0B-CDE41FECF2FB}"
EndProject
Project("{FAE04EC0-301F-11D3-BF4B-00C04F79EFBC}") = "RESR.WebAPI.Tests", "..\tests\RESR.WebAPI.Tests\RESR.WebAPI.Tests.csproj", "{2737C0AA-5C0C-4B13-B2D3-77D917AE08E5}"
EndProject
Project("{FAE04EC0-301F-11D3-BF4B-00C04F79EFBC}") = "RESR.Models.Tests", "..\tests\RESR.Models.Tests\RESR.Models.Tests.csproj", "{A38612DC-66DE-4081-BB8C-303E89911019}"
EndProject
Global
	GlobalSection(SolutionConfigurationPlatforms) = preSolution
		Debug|Any CPU = Debug|Any CPU
		Debug|x64 = Debug|x64
		Debug|x86 = Debug|x86
		Release|Any CPU = Release|Any CPU
		Release|x64 = Release|x64
		Release|x86 = Release|x86
	EndGlobalSection
	GlobalSection(ProjectConfigurationPlatforms) = postSolution
		{64EC2DE6-7EBB-49B5-94EC-EB391D6B3740}.Debug|Any CPU.ActiveCfg = Debug|Any CPU
		{64EC2DE6-7EBB-49B5-94EC-EB391D6B3740}.Debug|Any CPU.Build.0 = Debug|Any CPU
		{64EC2DE6-7EBB-49B5-94EC-EB391D6B3740}.Debug|x64.ActiveCfg = Debug|Any CPU
		{64EC2DE6-7EBB-49B5-94EC-EB391D6B3740}.Debug|x64.Build.0 = Debug|Any CPU
		{64EC2DE6-7EBB-49B5-94EC-EB391D6B3740}.Debug|x86.ActiveCfg = Debug|Any CPU
		{64EC2DE6-7EBB-49B5-94EC-EB391D6B3740}.Debug|x86.Build.0 = Debug|Any CPU
		{64EC2DE6-7EBB-49B5-94EC-EB391D6B3740}.Release|Any CPU.ActiveCfg = Release|Any CPU
		{64EC2DE6-7EBB-49B5-94EC-EB391D6B3740}.Release|Any CPU.Build.0 = Release|Any CPU
		{64EC2DE6-7EBB-49B5-94EC-EB391D6B3740}.Release|x64.ActiveCfg = Release|Any CPU
		{64EC2DE6-7EBB-49B5-94EC-EB391D6B3740}.Release|x64.Build.0 = Release|Any CPU
		{64EC2DE6-7EBB-49B5-94EC-EB391D6B3740}.Release|x86.ActiveCfg = Release|Any CPU
		{64EC2DE6-7EBB-49B5-94EC-EB391D6B3740}.Release|x86.Build.0 = Release|Any CPU
		{264BFAA2-CCCD-4BC7-919E-C95DB81D5F33}.Debug|Any CPU.ActiveCfg = Debug|Any CPU
		{264BFAA2-CCCD-4BC7-919E-C95DB81D5F33}.Debug|Any CPU.Build.0 = Debug|Any CPU
		{264BFAA2-CCCD-4BC7-919E-C95DB81D5F33}.Debug|x64.ActiveCfg = Debug|Any CPU
		{264BFAA2-CCCD-4BC7-919E-C95DB81D5F33}.Debug|x64.Build.0 = Debug|Any CPU
		{264BFAA2-CCCD-4BC7-919E-C95DB81D5F33}.Debug|x86.ActiveCfg = Debug|Any CPU
		{264BFAA2-CCCD-4BC7-919E-C95DB81D5F33}.Debug|x86.Build.0 = Debug|Any CPU
		{264BFAA2-CCCD-4BC7-919E-C95DB81D5F33}.Release|Any CPU.ActiveCfg = Release|Any CPU
		{264BFAA2-CCCD-4BC7-919E-C95DB81D5F33}.Release|Any CPU.Build.0 = Release|Any CPU
		{264BFAA2-CCCD-4BC7-919E-C95DB81D5F33}.Release|x64.ActiveCfg = Release|Any CPU
		{264BFAA2-CCCD-4BC7-919E-C95DB81D5F33}.Release|x64.Build.0 = Release|Any CPU
		{264BFAA2-CCCD-4BC7-919E-C95DB81D5F33}.Release|x86.ActiveCfg = Release|Any CPU
		{264BFAA2-CCCD-4BC7-919E-C95DB81D5F33}.Release|x86.Build.0 = Release|Any CPU
		{6E2B86EA-536B-463D-B6D3-7783B4A426C0}.Debug|Any CPU.ActiveCfg = Debug|Any CPU
		{6E2B86EA-536B-463D-B6D3-7783B4A426C0}.Debug|Any CPU.Build.0 = Debug|Any CPU
		{6E2B86EA-536B-463D-B6D3-7783B4A426C0}.Debug|x64.ActiveCfg = Debug|Any CPU
		{6E2B86EA-536B-463D-B6D3-7783B4A426C0}.Debug|x64.Build.0 = Debug|Any CPU
		{6E2B86EA-536B-463D-B6D3-7783B4A426C0}.Debug|x86.ActiveCfg = Debug|Any CPU
		{6E2B86EA-536B-463D-B6D3-7783B4A426C0}.Debug|x86.Build.0 = Debug|Any CPU
		{6E2B86EA-536B-463D-B6D3-7783B4A426C0}.Release|Any CPU.ActiveCfg = Release|Any CPU
		{6E2B86EA-536B-463D-B6D3-7783B4A426C0}.Release|Any CPU.Build.0 = Release|Any CPU
		{6E2B86EA-536B-463D-B6D3-7783B4A426C0}.Release|x64.ActiveCfg = Release|Any CPU
		{6E2B86EA-536B-463D-B6D3-7783B4A426C0}.Release|x64.Build.0 = Release|Any CPU
		{6E2B86EA-536B-463D-B6D3-7783B4A426C0}.Release|x86.ActiveCfg = Release|Any CPU
		{6E2B86EA-536B-463D-B6D3-7783B4A426C0}.Release|x86.Build.0 = Release|Any CPU
		{B2C8963B-0509-4C0A-AEEA-214985E9B524}.Debug|Any CPU.ActiveCfg = Debug|Any CPU
		{B2C8963B-0509-4C0A-AEEA-214985E9B524}.Debug|Any CPU.Build.0 = Debug|Any CPU
		{B2C8963B-0509-4C0A-AEEA-214985E9B524}.Debug|x64.ActiveCfg = Debug|Any CPU
		{B2C8963B-0509-4C0A-AEEA-214985E9B524}.Debug|x64.Build.0 = Debug|Any CPU
		{B2C8963B-0509-4C0A-AEEA-214985E9B524}.Debug|x86.ActiveCfg = Debug|Any CPU
		{B2C8963B-0509-4C0A-AEEA-214985E9B524}.Debug|x86.Build.0 = Debug|Any CPU
		{B2C8963B-0509-4C0A-AEEA-214985E9B524}.Release|Any CPU.ActiveCfg = Release|Any CPU
		{B2C8963B-0509-4C0A-AEEA-214985E9B524}.Release|Any CPU.Build.0 = Release|Any CPU
		{B2C8963B-0509-4C0A-AEEA-214985E9B524}.Release|x64.ActiveCfg = Release|Any CPU
		{B2C8963B-0509-4C0A-AEEA-214985E9B524}.Release|x64.Build.0 = Release|Any CPU
		{B2C8963B-0509-4C0A-AEEA-214985E9B524}.Release|x86.ActiveCfg = Release|Any CPU
		{B2C8963B-0509-4C0A-AEEA-214985E9B524}.Release|x86.Build.0 = Release|Any CPU
		{7A6C0DA0-CDE7-4A02-A0CA-946E9540A635}.Debug|Any CPU.ActiveCfg = Debug|Any CPU
		{7A6C0DA0-CDE7-4A02-A0CA-946E9540A635}.Debug|Any CPU.Build.0 = Debug|Any CPU
		{7A6C0DA0-CDE7-4A02-A0CA-946E9540A635}.Debug|x64.ActiveCfg = Debug|Any CPU
		{7A6C0DA0-CDE7-4A02-A0CA-946E9540A635}.Debug|x64.Build.0 = Debug|Any CPU
		{7A6C0DA0-CDE7-4A02-A0CA-946E9540A635}.Debug|x86.ActiveCfg = Debug|Any CPU
		{7A6C0DA0-CDE7-4A02-A0CA-946E9540A635}.Debug|x86.Build.0 = Debug|Any CPU
		{7A6C0DA0-CDE7-4A02-A0CA-946E9540A635}.Release|Any CPU.ActiveCfg = Release|Any CPU
		{7A6C0DA0-CDE7-4A02-A0CA-946E9540A635}.Release|Any CPU.Build.0 = Release|Any CPU
		{7A6C0DA0-CDE7-4A02-A0CA-946E9540A635}.Release|x64.ActiveCfg = Release|Any CPU
		{7A6C0DA0-CDE7-4A02-A0CA-946E9540A635}.Release|x64.Build.0 = Release|Any CPU
		{7A6C0DA0-CDE7-4A02-A0CA-946E9540A635}.Release|x86.ActiveCfg = Release|Any CPU
		{7A6C0DA0-CDE7-4A02-A0CA-946E9540A635}.Release|x86.Build.0 = Release|Any CPU
		{EF1E7D09-8671-4B10-BA0B-CDE41FECF2FB}.Debug|Any CPU.ActiveCfg = Debug|Any CPU
		{EF1E7D09-8671-4B10-BA0B-CDE41FECF2FB}.Debug|Any CPU.Build.0 = Debug|Any CPU
		{EF1E7D09-8671-4B10-BA0B-CDE41FECF2FB}.Debug|x64.ActiveCfg = Debug|Any CPU
		{EF1E7D09-8671-4B10-BA0B-CDE41FECF2FB}.Debug|x64.Build.0 = Debug|Any CPU
		{EF1E7D09-8671-4B10-BA0B-CDE41FECF2FB}.Debug|x86.ActiveCfg = Debug|Any CPU
		{EF1E7D09-8671-4B10-BA0B-CDE41FECF2FB}.Debug|x86.Build.0 = Debug|Any CPU
		{EF1E7D09-8671-4B10-BA0B-CDE41FECF2FB}.Release|Any CPU.ActiveCfg = Release|Any CPU
		{EF1E7D09-8671-4B10-BA0B-CDE41FECF2FB}.Release|Any CPU.Build.0 = Release|Any CPU
		{EF1E7D09-8671-4B10-BA0B-CDE41FECF2FB}.Release|x64.ActiveCfg = Release|Any CPU
		{EF1E7D09-8671-4B10-BA0B-CDE41FECF2FB}.Release|x64.Build.0 = Release|Any CPU
		{EF1E7D09-8671-4B10-BA0B-CDE41FECF2FB}.Release|x86.ActiveCfg = Release|Any CPU
		{EF1E7D09-8671-4B10-BA0B-CDE41FECF2FB}.Release|x86.Build.0 = Release|Any CPU
		{2737C0AA-5C0C-4B13-B2D3-77D917AE08E5}.Debug|Any CPU.ActiveCfg = Debug|Any CPU
		{2737C0AA-5C0C-4B13-B2D3-77D917AE08E5}.Debug|Any CPU.Build.0 = Debug|Any CPU
		{2737C0AA-5C0C-4B13-B2D3-77D917AE08E5}.Debug|x64.ActiveCfg = Debug|Any CPU
		{2737C0AA-5C0C-4B13-B2D3-77D917AE08E5}.Debug|x64.Build.0 = Debug|Any CPU
		{2737C0AA-5C0C-4B13-B2D3-77D917AE08E5}.Debug|x86.ActiveCfg = Debug|Any CPU
		{2737C0AA-5C0C-4B13-B2D3-77D917AE08E5}.Debug|x86.Build.0 = Debug|Any CPU
		{2737C0AA-5C0C-4B13-B2D3-77D917AE08E5}.Release|Any CPU.ActiveCfg = Release|Any CPU
		{2737C0AA-5C0C-4B13-B2D3-77D917AE08E5}.Release|Any CPU.Build.0 = Release|Any CPU
		{2737C0AA-5C0C-4B13-B2D3-77D917AE08E5}.Release|x64.ActiveCfg = Release|Any CPU
		{2737C0AA-5C0C-4B13-B2D3-77D917AE08E5}.Release|x64.Build.0 = Release|Any CPU
		{2737C0AA-5C0C-4B13-B2D3-77D917AE08E5}.Release|x86.ActiveCfg = Release|Any CPU
		{2737C0AA-5C0C-4B13-B2D3-77D917AE08E5}.Release|x86.Build.0 = Release|Any CPU
		{A38612DC-66DE-4081-BB8C-303E89911019}.Debug|Any CPU.ActiveCfg = Debug|Any CPU
		{A38612DC-66DE-4081-BB8C-303E89911019}.Debug|Any CPU.Build.0 = Debug|Any CPU
		{A38612DC-66DE-4081-BB8C-303E89911019}.Debug|x64.ActiveCfg = Debug|Any CPU
		{A38612DC-66DE-4081-BB8C-303E89911019}.Debug|x64.Build.0 = Debug|Any CPU
		{A38612DC-66DE-4081-BB8C-303E89911019}.Debug|x86.ActiveCfg = Debug|Any CPU
		{A38612DC-66DE-4081-BB8C-303E89911019}.Debug|x86.Build.0 = Debug|Any CPU
		{A38612DC-66DE-4081-BB8C-303E89911019}.Release|Any CPU.ActiveCfg = Release|Any CPU
		{A38612DC-66DE-4081-BB8C-303E89911019}.Release|Any CPU.Build.0 = Release|Any CPU
		{A38612DC-66DE-4081-BB8C-303E89911019}.Release|x64.ActiveCfg = Release|Any CPU
		{A38612DC-66DE-4081-BB8C-303E89911019}.Release|x64.Build.0 = Release|Any CPU
		{A38612DC-66DE-4081-BB8C-303E89911019}.Release|x86.ActiveCfg = Release|Any CPU
		{A38612DC-66DE-4081-BB8C-303E89911019}.Release|x86.Build.0 = Release|Any CPU
	EndGlobalSection
	GlobalSection(SolutionProperties) = preSolution
		HideSolutionNode = FALSE
	EndGlobalSection
EndGlobal
